# This file is automatically @generated by Cargo.
# It is not intended for manual editing.
version = 3

[[package]]
name = "arrayvec"
version = "0.7.6"
source = "registry+https://github.com/rust-lang/crates.io-index"
checksum = "7c02d123df017efcdfbd739ef81735b36c5ba83ec3c59c80a9d7ecc718f92e50"

[[package]]
name = "hex-conservative"
version = "0.3.0"
source = "registry+https://github.com/rust-lang/crates.io-index"
checksum = "4afe881d0527571892c4034822e59bb10c6c991cce6abe8199b6f5cf10766f55"
dependencies = [
 "arrayvec",
]

[[package]]
name = "hex-conservative"
version = "1.0.0"
dependencies = [
 "hex-conservative 0.3.0",
 "if_rust_version",
]

[[package]]
name = "if_rust_version"
version = "1.0.0"
source = "registry+https://github.com/rust-lang/crates.io-index"
checksum = "46dbcb333e86939721589d25a3557e180b52778cb33c7fdfe9e0158ff790d5ec"
